
Microsoft Visual Studio Solution File, Format Version 12.00
# Visual Studio 15
VisualStudioVersion = 15.0.27703.2042
MinimumVisualStudioVersion = 10.0.40219.1
Project("{9A19103F-16F7-4668-BE54-9A1E7A4F7556}") = "IHostBuilderAsWindowsService", "IHostService\IHostBuilderAsWindowsService.csproj", "{F77B43D0-C7B0-47EF-ABA2-09AD4A920E1C}"
EndProject
Project("{9A19103F-16F7-4668-BE54-9A1E7A4F7556}") = "IHostBuilderAsConsole", "HostBuilder\IHostBuilderAsConsole.csproj", "{8A8656DE-2374-4CCC-BAF2-4D9B071F0CBC}"
EndProject
Global
	GlobalSection(SolutionConfigurationPlatforms) = preSolution
		Debug|Any CPU = Debug|Any CPU
		Release|Any CPU = Release|Any CPU
	EndGlobalSection
	GlobalSection(ProjectConfigurationPlatforms) = postSolution
		{F77B43D0-C7B0-47EF-ABA2-09AD4A920E1C}.Debug|Any CPU.ActiveCfg = Debug|Any CPU
		{F77B43D0-C7B0-47EF-ABA2-09AD4A920E1C}.Debug|Any CPU.Build.0 = Debug|Any CPU
		{F77B43D0-C7B0-47EF-ABA2-09AD4A920E1C}.Release|Any CPU.ActiveCfg = Release|Any CPU
		{F77B43D0-C7B0-47EF-ABA2-09AD4A920E1C}.Release|Any CPU.Build.0 = Release|Any CPU
		{8A8656DE-2374-4CCC-BAF2-4D9B071F0CBC}.Debug|Any CPU.ActiveCfg = Debug|Any CPU
		{8A8656DE-2374-4CCC-BAF2-4D9B071F0CBC}.Debug|Any CPU.Build.0 = Debug|Any CPU
		{8A8656DE-2374-4CCC-BAF2-4D9B071F0CBC}.Release|Any CPU.ActiveCfg = Release|Any CPU
		{8A8656DE-2374-4CCC-BAF2-4D9B071F0CBC}.Release|Any CPU.Build.0 = Release|Any CPU
	EndGlobalSection
	GlobalSection(SolutionProperties) = preSolution
		HideSolutionNode = FALSE
	EndGlobalSection
	GlobalSection(ExtensibilityGlobals) = postSolution
		SolutionGuid = {B8911583-8C83-42E1-9FE3-D8974428627B}
	EndGlobalSection
EndGlobal
